{
  "name": "aws-greengrass-stream-manager-sdk",
  "version": "1.1.0",
  "lockfileVersion": 3,
  "requires": true,
  "packages": {
    "": {
      "name": "aws-greengrass-stream-manager-sdk",
      "version": "1.1.0",
      "license": "Apache-2.0",
      "dependencies": {
        "cbor": "5.0.1"
      }
    },
    "node_modules/bignumber.js": {
      "version": "9.3.1",
      "resolved": "https://registry.npmjs.org/bignumber.js/-/bignumber.js-9.3.1.tgz",
      "integrity": "sha512-Ko0uX15oIUS7wJ3Rb30Fs6SkVbLmPBAKdlm7q9+ak9bbIeFf0MwuBsQV6z7+X768/cHsfg+WlysDWJcmthjsjQ==",
      "license": "MIT",
      "engines": {
        "node": "*"
      }
    },
    "node_modules/cbor": {
      "version": "5.0.1",
      "resolved": "https://registry.npmjs.org/cbor/-/cbor-5.0.1.tgz",
      "integrity": "sha512-l4ghwqioCyuAaD3LvY4ONwv8NMuERz62xjbMHGdWBqERJPygVmoFER1b4+VS6iW0rXwoVGuKZPPPTofwWOg3YQ==",
      "license": "MIT",
      "dependencies": {
        "bignumber.js": "^9.0.0",
        "nofilter": "^1.0.3"
      },
      "engines": {
        "node": ">=6.0.0"
      }
    },
    "node_modules/nofilter": {
      "version": "1.0.4",
      "resolved": "https://registry.npmjs.org/nofilter/-/nofilter-1.0.4.tgz",
      "integrity": "sha512-N8lidFp+fCz+TD51+haYdbDGrcBWwuHX40F5+z0qkUjMJ5Tp+rdSuAkMJ9N9eoolDlEVTf6u5icM+cNKkKW2mA==",
      "license": "MIT",
      "engines": {
        "node": ">=8"
      }
    }
  }
}
